
Microsoft Visual Studio Solution File, Format Version 12.00
# Visual Studio Version 17
VisualStudioVersion = 17.0.31903.59
MinimumVisualStudioVersion = 10.0.40219.1
Project("{2150E333-8FDC-42A3-9474-1A3956D46DE8}") = "src", "src", "{827E0CD3-B72D-47B6-A68D-7590B98EB39B}"
EndProject
Project("{FAE04EC0-301F-11D3-BF4B-00C04F79EFBC}") = "QuietShield.App", "src\QuietShield.App\QuietShield.App.csproj", "{CE2002D4-2248-4B32-89C0-264DDC8109B0}"
EndProject
Project("{FAE04EC0-301F-11D3-BF4B-00C04F79EFBC}") = "QuietShield.Core", "src\QuietShield.Core\QuietShield.Core.csproj", "{57DD7634-F35A-47CA-A52E-7BB83B19B10D}"
EndProject
Project("{FAE04EC0-301F-11D3-BF4B-00C04F79EFBC}") = "QuietShield.Licensing", "src\QuietShield.Licensing\QuietShield.Licensing.csproj", "{6EB6E33D-1F09-487F-A39C-3B8EF4139AEC}"
EndProject
Project("{FAE04EC0-301F-11D3-BF4B-00C04F79EFBC}") = "QuietShield.Service", "src\QuietShield.Service\QuietShield.Service.csproj", "{D55E2D62-21A8-4C4A-A683-E8269838C200}"
EndProject
Project("{FAE04EC0-301F-11D3-BF4B-00C04F79EFBC}") = "QuietShield.Windows", "src\QuietShield.Windows\QuietShield.Windows.csproj", "{D621E67B-2FB6-4CDA-81F4-C5E3B1A7C0E6}"
EndProject
Project("{FAE04EC0-301F-11D3-BF4B-00C04F79EFBC}") = "QuietShield.DnsHost", "src\QuietShield.DnsHost\QuietShield.DnsHost.csproj", "{B1E38B5D-93A3-4FB7-8BC9-2E5E019F533A}"
EndProject
Project("{FAE04EC0-301F-11D3-BF4B-00C04F79EFBC}") = "QuietShield.DnsWatchdog", "src\QuietShield.DnsWatchdog\QuietShield.DnsWatchdog.csproj", "{C2F49C6E-A4B4-40C8-9CDA-3F6F12A0644B}"
EndProject
Project("{2150E333-8FDC-42A3-9474-1A3956D46DE8}") = "tests", "tests", "{0AB3BF05-4346-4AA6-1389-037BE0695223}"
EndProject
Project("{FAE04EC0-301F-11D3-BF4B-00C04F79EFBC}") = "QuietShield.Architecture.Tests", "tests\QuietShield.Architecture.Tests\QuietShield.Architecture.Tests.csproj", "{01A92248-2E39-4D35-BA8A-B577A7E52BBD}"
EndProject
Project("{FAE04EC0-301F-11D3-BF4B-00C04F79EFBC}") = "QuietShield.Core.Tests", "tests\QuietShield.Core.Tests\QuietShield.Core.Tests.csproj", "{ED939FD0-8765-4052-A07D-630A43A97A0A}"
EndProject
Project("{FAE04EC0-301F-11D3-BF4B-00C04F79EFBC}") = "QuietShield.Windows.Tests", "tests\QuietShield.Windows.Tests\QuietShield.Windows.Tests.csproj", "{5B00B51E-D8EC-443F-8D64-DF2B77D3AD27}"
EndProject
Project("{FAE04EC0-301F-11D3-BF4B-00C04F79EFBC}") = "QuietShield.ConnectionProbe", "src\QuietShield.ConnectionProbe\QuietShield.ConnectionProbe.csproj", "{C4C3A6B1-1274-4495-B2FC-E0C8C4B938AE}"
EndProject
Global
	GlobalSection(SolutionConfigurationPlatforms) = preSolution
		Debug|Any CPU = Debug|Any CPU
		Debug|x64 = Debug|x64
		Debug|x86 = Debug|x86
		Release|Any CPU = Release|Any CPU
		Release|x64 = Release|x64
		Release|x86 = Release|x86
	EndGlobalSection
	GlobalSection(ProjectConfigurationPlatforms) = postSolution
		{CE2002D4-2248-4B32-89C0-264DDC8109B0}.Debug|Any CPU.ActiveCfg = Debug|Any CPU
		{CE2002D4-2248-4B32-89C0-264DDC8109B0}.Debug|Any CPU.Build.0 = Debug|Any CPU
		{CE2002D4-2248-4B32-89C0-264DDC8109B0}.Debug|x64.ActiveCfg = Debug|Any CPU
		{CE2002D4-2248-4B32-89C0-264DDC8109B0}.Debug|x64.Build.0 = Debug|Any CPU
		{CE2002D4-2248-4B32-89C0-264DDC8109B0}.Debug|x86.ActiveCfg = Debug|Any CPU
		{CE2002D4-2248-4B32-89C0-264DDC8109B0}.Debug|x86.Build.0 = Debug|Any CPU
		{CE2002D4-2248-4B32-89C0-264DDC8109B0}.Release|Any CPU.ActiveCfg = Release|Any CPU
		{CE2002D4-2248-4B32-89C0-264DDC8109B0}.Release|Any CPU.Build.0 = Release|Any CPU
		{CE2002D4-2248-4B32-89C0-264DDC8109B0}.Release|x64.ActiveCfg = Release|Any CPU
		{CE2002D4-2248-4B32-89C0-264DDC8109B0}.Release|x64.Build.0 = Release|Any CPU
		{CE2002D4-2248-4B32-89C0-264DDC8109B0}.Release|x86.ActiveCfg = Release|Any CPU
		{CE2002D4-2248-4B32-89C0-264DDC8109B0}.Release|x86.Build.0 = Release|Any CPU
		{57DD7634-F35A-47CA-A52E-7BB83B19B10D}.Debug|Any CPU.ActiveCfg = Debug|Any CPU
		{57DD7634-F35A-47CA-A52E-7BB83B19B10D}.Debug|Any CPU.Build.0 = Debug|Any CPU
		{57DD7634-F35A-47CA-A52E-7BB83B19B10D}.Debug|x64.ActiveCfg = Debug|Any CPU
		{57DD7634-F35A-47CA-A52E-7BB83B19B10D}.Debug|x64.Build.0 = Debug|Any CPU
		{57DD7634-F35A-47CA-A52E-7BB83B19B10D}.Debug|x86.ActiveCfg = Debug|Any CPU
		{57DD7634-F35A-47CA-A52E-7BB83B19B10D}.Debug|x86.Build.0 = Debug|Any CPU
		{57DD7634-F35A-47CA-A52E-7BB83B19B10D}.Release|Any CPU.ActiveCfg = Release|Any CPU
		{57DD7634-F35A-47CA-A52E-7BB83B19B10D}.Release|Any CPU.Build.0 = Release|Any CPU
		{57DD7634-F35A-47CA-A52E-7BB83B19B10D}.Release|x64.ActiveCfg = Release|Any CPU
		{57DD7634-F35A-47CA-A52E-7BB83B19B10D}.Release|x64.Build.0 = Release|Any CPU
		{57DD7634-F35A-47CA-A52E-7BB83B19B10D}.Release|x86.ActiveCfg = Release|Any CPU
		{57DD7634-F35A-47CA-A52E-7BB83B19B10D}.Release|x86.Build.0 = Release|Any CPU
		{6EB6E33D-1F09-487F-A39C-3B8EF4139AEC}.Debug|Any CPU.ActiveCfg = Debug|Any CPU
		{6EB6E33D-1F09-487F-A39C-3B8EF4139AEC}.Debug|Any CPU.Build.0 = Debug|Any CPU
		{6EB6E33D-1F09-487F-A39C-3B8EF4139AEC}.Debug|x64.ActiveCfg = Debug|Any CPU
		{6EB6E33D-1F09-487F-A39C-3B8EF4139AEC}.Debug|x64.Build.0 = Debug|Any CPU
		{6EB6E33D-1F09-487F-A39C-3B8EF4139AEC}.Debug|x86.ActiveCfg = Debug|Any CPU
		{6EB6E33D-1F09-487F-A39C-3B8EF4139AEC}.Debug|x86.Build.0 = Debug|Any CPU
		{6EB6E33D-1F09-487F-A39C-3B8EF4139AEC}.Release|Any CPU.ActiveCfg = Release|Any CPU
		{6EB6E33D-1F09-487F-A39C-3B8EF4139AEC}.Release|Any CPU.Build.0 = Release|Any CPU
		{6EB6E33D-1F09-487F-A39C-3B8EF4139AEC}.Release|x64.ActiveCfg = Release|Any CPU
		{6EB6E33D-1F09-487F-A39C-3B8EF4139AEC}.Release|x64.Build.0 = Release|Any CPU
		{6EB6E33D-1F09-487F-A39C-3B8EF4139AEC}.Release|x86.ActiveCfg = Release|Any CPU
		{6EB6E33D-1F09-487F-A39C-3B8EF4139AEC}.Release|x86.Build.0 = Release|Any CPU
		{D55E2D62-21A8-4C4A-A683-E8269838C200}.Debug|Any CPU.ActiveCfg = Debug|Any CPU
		{D55E2D62-21A8-4C4A-A683-E8269838C200}.Debug|Any CPU.Build.0 = Debug|Any CPU
		{D55E2D62-21A8-4C4A-A683-E8269838C200}.Debug|x64.ActiveCfg = Debug|Any CPU
		{D55E2D62-21A8-4C4A-A683-E8269838C200}.Debug|x64.Build.0 = Debug|Any CPU
		{D55E2D62-21A8-4C4A-A683-E8269838C200}.Debug|x86.ActiveCfg = Debug|Any CPU
		{D55E2D62-21A8-4C4A-A683-E8269838C200}.Debug|x86.Build.0 = Debug|Any CPU
		{D55E2D62-21A8-4C4A-A683-E8269838C200}.Release|Any CPU.ActiveCfg = Release|Any CPU
		{D55E2D62-21A8-4C4A-A683-E8269838C200}.Release|Any CPU.Build.0 = Release|Any CPU
		{D55E2D62-21A8-4C4A-A683-E8269838C200}.Release|x64.ActiveCfg = Release|Any CPU
		{D55E2D62-21A8-4C4A-A683-E8269838C200}.Release|x64.Build.0 = Release|Any CPU
		{D55E2D62-21A8-4C4A-A683-E8269838C200}.Release|x86.ActiveCfg = Release|Any CPU
		{D55E2D62-21A8-4C4A-A683-E8269838C200}.Release|x86.Build.0 = Release|Any CPU
		{D621E67B-2FB6-4CDA-81F4-C5E3B1A7C0E6}.Debug|Any CPU.ActiveCfg = Debug|Any CPU
		{D621E67B-2FB6-4CDA-81F4-C5E3B1A7C0E6}.Debug|Any CPU.Build.0 = Debug|Any CPU
		{D621E67B-2FB6-4CDA-81F4-C5E3B1A7C0E6}.Debug|x64.ActiveCfg = Debug|Any CPU
		{D621E67B-2FB6-4CDA-81F4-C5E3B1A7C0E6}.Debug|x64.Build.0 = Debug|Any CPU
		{D621E67B-2FB6-4CDA-81F4-C5E3B1A7C0E6}.Debug|x86.ActiveCfg = Debug|Any CPU
		{D621E67B-2FB6-4CDA-81F4-C5E3B1A7C0E6}.Debug|x86.Build.0 = Debug|Any CPU
		{D621E67B-2FB6-4CDA-81F4-C5E3B1A7C0E6}.Release|Any CPU.ActiveCfg = Release|Any CPU
		{D621E67B-2FB6-4CDA-81F4-C5E3B1A7C0E6}.Release|Any CPU.Build.0 = Release|Any CPU
		{D621E67B-2FB6-4CDA-81F4-C5E3B1A7C0E6}.Release|x64.ActiveCfg = Release|Any CPU
		{D621E67B-2FB6-4CDA-81F4-C5E3B1A7C0E6}.Release|x64.Build.0 = Release|Any CPU
		{D621E67B-2FB6-4CDA-81F4-C5E3B1A7C0E6}.Release|x86.ActiveCfg = Release|Any CPU
		{D621E67B-2FB6-4CDA-81F4-C5E3B1A7C0E6}.Release|x86.Build.0 = Release|Any CPU
		{B1E38B5D-93A3-4FB7-8BC9-2E5E019F533A}.Debug|Any CPU.ActiveCfg = Debug|Any CPU
		{B1E38B5D-93A3-4FB7-8BC9-2E5E019F533A}.Debug|Any CPU.Build.0 = Debug|Any CPU
		{B1E38B5D-93A3-4FB7-8BC9-2E5E019F533A}.Debug|x64.ActiveCfg = Debug|Any CPU
		{B1E38B5D-93A3-4FB7-8BC9-2E5E019F533A}.Debug|x64.Build.0 = Debug|Any CPU
		{B1E38B5D-93A3-4FB7-8BC9-2E5E019F533A}.Debug|x86.ActiveCfg = Debug|Any CPU
		{B1E38B5D-93A3-4FB7-8BC9-2E5E019F533A}.Debug|x86.Build.0 = Debug|Any CPU
		{B1E38B5D-93A3-4FB7-8BC9-2E5E019F533A}.Release|Any CPU.ActiveCfg = Release|Any CPU
		{B1E38B5D-93A3-4FB7-8BC9-2E5E019F533A}.Release|Any CPU.Build.0 = Release|Any CPU
		{B1E38B5D-93A3-4FB7-8BC9-2E5E019F533A}.Release|x64.ActiveCfg = Release|Any CPU
		{B1E38B5D-93A3-4FB7-8BC9-2E5E019F533A}.Release|x64.Build.0 = Release|Any CPU
		{B1E38B5D-93A3-4FB7-8BC9-2E5E019F533A}.Release|x86.ActiveCfg = Release|Any CPU
		{B1E38B5D-93A3-4FB7-8BC9-2E5E019F533A}.Release|x86.Build.0 = Release|Any CPU
		{C2F49C6E-A4B4-40C8-9CDA-3F6F12A0644B}.Debug|Any CPU.ActiveCfg = Debug|Any CPU
		{C2F49C6E-A4B4-40C8-9CDA-3F6F12A0644B}.Debug|Any CPU.Build.0 = Debug|Any CPU
		{C2F49C6E-A4B4-40C8-9CDA-3F6F12A0644B}.Debug|x64.ActiveCfg = Debug|Any CPU
		{C2F49C6E-A4B4-40C8-9CDA-3F6F12A0644B}.Debug|x64.Build.0 = Debug|Any CPU
		{C2F49C6E-A4B4-40C8-9CDA-3F6F12A0644B}.Debug|x86.ActiveCfg = Debug|Any CPU
		{C2F49C6E-A4B4-40C8-9CDA-3F6F12A0644B}.Debug|x86.Build.0 = Debug|Any CPU
		{C2F49C6E-A4B4-40C8-9CDA-3F6F12A0644B}.Release|Any CPU.ActiveCfg = Release|Any CPU
		{C2F49C6E-A4B4-40C8-9CDA-3F6F12A0644B}.Release|Any CPU.Build.0 = Release|Any CPU
		{C2F49C6E-A4B4-40C8-9CDA-3F6F12A0644B}.Release|x64.ActiveCfg = Release|Any CPU
		{C2F49C6E-A4B4-40C8-9CDA-3F6F12A0644B}.Release|x64.Build.0 = Release|Any CPU
		{C2F49C6E-A4B4-40C8-9CDA-3F6F12A0644B}.Release|x86.ActiveCfg = Release|Any CPU
		{C2F49C6E-A4B4-40C8-9CDA-3F6F12A0644B}.Release|x86.Build.0 = Release|Any CPU
		{01A92248-2E39-4D35-BA8A-B577A7E52BBD}.Debug|Any CPU.ActiveCfg = Debug|Any CPU
		{01A92248-2E39-4D35-BA8A-B577A7E52BBD}.Debug|Any CPU.Build.0 = Debug|Any CPU
		{01A92248-2E39-4D35-BA8A-B577A7E52BBD}.Debug|x64.ActiveCfg = Debug|Any CPU
		{01A92248-2E39-4D35-BA8A-B577A7E52BBD}.Debug|x64.Build.0 = Debug|Any CPU
		{01A92248-2E39-4D35-BA8A-B577A7E52BBD}.Debug|x86.ActiveCfg = Debug|Any CPU
		{01A92248-2E39-4D35-BA8A-B577A7E52BBD}.Debug|x86.Build.0 = Debug|Any CPU
		{01A92248-2E39-4D35-BA8A-B577A7E52BBD}.Release|Any CPU.ActiveCfg = Release|Any CPU
		{01A92248-2E39-4D35-BA8A-B577A7E52BBD}.Release|Any CPU.Build.0 = Release|Any CPU
		{01A92248-2E39-4D35-BA8A-B577A7E52BBD}.Release|x64.ActiveCfg = Release|Any CPU
		{01A92248-2E39-4D35-BA8A-B577A7E52BBD}.Release|x64.Build.0 = Release|Any CPU
		{01A92248-2E39-4D35-BA8A-B577A7E52BBD}.Release|x86.ActiveCfg = Release|Any CPU
		{01A92248-2E39-4D35-BA8A-B577A7E52BBD}.Release|x86.Build.0 = Release|Any CPU
		{ED939FD0-8765-4052-A07D-630A43A97A0A}.Debug|Any CPU.ActiveCfg = Debug|Any CPU
		{ED939FD0-8765-4052-A07D-630A43A97A0A}.Debug|Any CPU.Build.0 = Debug|Any CPU
		{ED939FD0-8765-4052-A07D-630A43A97A0A}.Debug|x64.ActiveCfg = Debug|Any CPU
		{ED939FD0-8765-4052-A07D-630A43A97A0A}.Debug|x64.Build.0 = Debug|Any CPU
		{ED939FD0-8765-4052-A07D-630A43A97A0A}.Debug|x86.ActiveCfg = Debug|Any CPU
		{ED939FD0-8765-4052-A07D-630A43A97A0A}.Debug|x86.Build.0 = Debug|Any CPU
		{ED939FD0-8765-4052-A07D-630A43A97A0A}.Release|Any CPU.ActiveCfg = Release|Any CPU
		{ED939FD0-8765-4052-A07D-630A43A97A0A}.Release|Any CPU.Build.0 = Release|Any CPU
		{ED939FD0-8765-4052-A07D-630A43A97A0A}.Release|x64.ActiveCfg = Release|Any CPU
		{ED939FD0-8765-4052-A07D-630A43A97A0A}.Release|x64.Build.0 = Release|Any CPU
		{ED939FD0-8765-4052-A07D-630A43A97A0A}.Release|x86.ActiveCfg = Release|Any CPU
		{ED939FD0-8765-4052-A07D-630A43A97A0A}.Release|x86.Build.0 = Release|Any CPU
		{5B00B51E-D8EC-443F-8D64-DF2B77D3AD27}.Debug|Any CPU.ActiveCfg = Debug|Any CPU
		{5B00B51E-D8EC-443F-8D64-DF2B77D3AD27}.Debug|Any CPU.Build.0 = Debug|Any CPU
		{5B00B51E-D8EC-443F-8D64-DF2B77D3AD27}.Debug|x64.ActiveCfg = Debug|Any CPU
		{5B00B51E-D8EC-443F-8D64-DF2B77D3AD27}.Debug|x64.Build.0 = Debug|Any CPU
		{5B00B51E-D8EC-443F-8D64-DF2B77D3AD27}.Debug|x86.ActiveCfg = Debug|Any CPU
		{5B00B51E-D8EC-443F-8D64-DF2B77D3AD27}.Debug|x86.Build.0 = Debug|Any CPU
		{5B00B51E-D8EC-443F-8D64-DF2B77D3AD27}.Release|Any CPU.ActiveCfg = Release|Any CPU
		{5B00B51E-D8EC-443F-8D64-DF2B77D3AD27}.Release|Any CPU.Build.0 = Release|Any CPU
		{5B00B51E-D8EC-443F-8D64-DF2B77D3AD27}.Release|x64.ActiveCfg = Release|Any CPU
		{5B00B51E-D8EC-443F-8D64-DF2B77D3AD27}.Release|x64.Build.0 = Release|Any CPU
		{5B00B51E-D8EC-443F-8D64-DF2B77D3AD27}.Release|x86.ActiveCfg = Release|Any CPU
		{5B00B51E-D8EC-443F-8D64-DF2B77D3AD27}.Release|x86.Build.0 = Release|Any CPU
		{C4C3A6B1-1274-4495-B2FC-E0C8C4B938AE}.Debug|Any CPU.ActiveCfg = Debug|x64
		{C4C3A6B1-1274-4495-B2FC-E0C8C4B938AE}.Debug|Any CPU.Build.0 = Debug|x64
		{C4C3A6B1-1274-4495-B2FC-E0C8C4B938AE}.Debug|x64.ActiveCfg = Debug|x64
		{C4C3A6B1-1274-4495-B2FC-E0C8C4B938AE}.Debug|x64.Build.0 = Debug|x64
		{C4C3A6B1-1274-4495-B2FC-E0C8C4B938AE}.Debug|x86.ActiveCfg = Debug|x64
		{C4C3A6B1-1274-4495-B2FC-E0C8C4B938AE}.Debug|x86.Build.0 = Debug|x64
		{C4C3A6B1-1274-4495-B2FC-E0C8C4B938AE}.Release|Any CPU.ActiveCfg = Release|x64
		{C4C3A6B1-1274-4495-B2FC-E0C8C4B938AE}.Release|Any CPU.Build.0 = Release|x64
		{C4C3A6B1-1274-4495-B2FC-E0C8C4B938AE}.Release|x64.ActiveCfg = Release|x64
		{C4C3A6B1-1274-4495-B2FC-E0C8C4B938AE}.Release|x64.Build.0 = Release|x64
		{C4C3A6B1-1274-4495-B2FC-E0C8C4B938AE}.Release|x86.ActiveCfg = Release|x64
		{C4C3A6B1-1274-4495-B2FC-E0C8C4B938AE}.Release|x86.Build.0 = Release|x64
	EndGlobalSection
	GlobalSection(SolutionProperties) = preSolution
		HideSolutionNode = FALSE
	EndGlobalSection
	GlobalSection(NestedProjects) = preSolution
		{CE2002D4-2248-4B32-89C0-264DDC8109B0} = {827E0CD3-B72D-47B6-A68D-7590B98EB39B}
		{57DD7634-F35A-47CA-A52E-7BB83B19B10D} = {827E0CD3-B72D-47B6-A68D-7590B98EB39B}
		{6EB6E33D-1F09-487F-A39C-3B8EF4139AEC} = {827E0CD3-B72D-47B6-A68D-7590B98EB39B}
		{D55E2D62-21A8-4C4A-A683-E8269838C200} = {827E0CD3-B72D-47B6-A68D-7590B98EB39B}
		{D621E67B-2FB6-4CDA-81F4-C5E3B1A7C0E6} = {827E0CD3-B72D-47B6-A68D-7590B98EB39B}
		{B1E38B5D-93A3-4FB7-8BC9-2E5E019F533A} = {827E0CD3-B72D-47B6-A68D-7590B98EB39B}
		{C2F49C6E-A4B4-40C8-9CDA-3F6F12A0644B} = {827E0CD3-B72D-47B6-A68D-7590B98EB39B}
		{01A92248-2E39-4D35-BA8A-B577A7E52BBD} = {0AB3BF05-4346-4AA6-1389-037BE0695223}
		{ED939FD0-8765-4052-A07D-630A43A97A0A} = {0AB3BF05-4346-4AA6-1389-037BE0695223}
		{5B00B51E-D8EC-443F-8D64-DF2B77D3AD27} = {0AB3BF05-4346-4AA6-1389-037BE0695223}
		{C4C3A6B1-1274-4495-B2FC-E0C8C4B938AE} = {827E0CD3-B72D-47B6-A68D-7590B98EB39B}
	EndGlobalSection
EndGlobal
